
Microsoft Visual Studio Solution File, Format Version 12.00
# Visual Studio Version 17
VisualStudioVersion = 17.0.31912.275
MinimumVisualStudioVersion = 10.0.40219.1
Project("{9A19103F-16F7-4668-BE54-9A1E7A4F7556}") = "Foundation.Common", "lib/common/Foundation.Common.csproj", "{0272ADBE-8C1F-4031-A5CD-78311865CB81}"
EndProject
Project("{FAE04EC0-301F-11D3-BF4B-00C04F79EFBC}") = "Foundation.Core.SDK", "lib/sdk/Foundation.Core.SDK.csproj", "{C340EA72-1D70-484A-9A05-32915E5BC0AA}"
EndProject
Project("{9A19103F-16F7-4668-BE54-9A1E7A4F7556}") = "Foundation.Services.Identity", "services/identity/Foundation.Services.Identity.csproj", "{E1056567-7F43-475B-8373-46CE6EE5C8E4}"
EndProject
Project("{FAE04EC0-301F-11D3-BF4B-00C04F79EFBC}") = "Foundation.Services.UPx", "services/upx/Foundation.Services.UPx.csproj", "{5D267EB2-521A-408F-8A3C-B2C47DB00A4A}"
EndProject
Project("{FAE04EC0-301F-11D3-BF4B-00C04F79EFBC}") = "Foundation.Services.Gateway", "services/gateway/Foundation.Services.Gateway.csproj", "{AA7C75DC-C69A-499C-AA63-8B0F4DB0419D}"
EndProject
Project("{FAE04EC0-301F-11D3-BF4B-00C04F79EFBC}") = "Foundation.Services.Portfolio", "services/portfolio/Foundation.Services.Portfolio.csproj", "{04337DF6-1B5E-4639-A07C-BD360F6509BA}"
EndProject
Project("{FAE04EC0-301F-11D3-BF4B-00C04F79EFBC}") = "Foundation.Tools.Codegen", "tools\fgen\Foundation.Tools.Codegen.csproj", "{75DD54D7-B4E6-477F-992A-E2ACC1387436}"
EndProject
Global
	GlobalSection(SolutionConfigurationPlatforms) = preSolution
		Debug|Any CPU = Debug|Any CPU
		Release|Any CPU = Release|Any CPU
	EndGlobalSection
	GlobalSection(ProjectConfigurationPlatforms) = postSolution
		{7BDB2F34-4424-44A7-98E9-00A1E624CC43}.Debug|Any CPU.ActiveCfg = Debug|Any CPU
		{7BDB2F34-4424-44A7-98E9-00A1E624CC43}.Debug|Any CPU.Build.0 = Debug|Any CPU
		{7BDB2F34-4424-44A7-98E9-00A1E624CC43}.Debug|Any CPU.Deploy.0 = Debug|Any CPU
		{7BDB2F34-4424-44A7-98E9-00A1E624CC43}.Release|Any CPU.ActiveCfg = Release|Any CPU
		{7BDB2F34-4424-44A7-98E9-00A1E624CC43}.Release|Any CPU.Build.0 = Release|Any CPU
		{0272ADBE-8C1F-4031-A5CD-78311865CB81}.Debug|Any CPU.ActiveCfg = Debug|Any CPU
		{0272ADBE-8C1F-4031-A5CD-78311865CB81}.Debug|Any CPU.Build.0 = Debug|Any CPU
		{0272ADBE-8C1F-4031-A5CD-78311865CB81}.Release|Any CPU.ActiveCfg = Release|Any CPU
		{0272ADBE-8C1F-4031-A5CD-78311865CB81}.Release|Any CPU.Build.0 = Release|Any CPU
		{B21BA571-8598-4003-97E9-01C2756A6F7E}.Debug|Any CPU.ActiveCfg = Debug|Any CPU
		{B21BA571-8598-4003-97E9-01C2756A6F7E}.Debug|Any CPU.Build.0 = Debug|Any CPU
		{B21BA571-8598-4003-97E9-01C2756A6F7E}.Debug|Any CPU.Deploy.0 = Debug|Any CPU
		{B21BA571-8598-4003-97E9-01C2756A6F7E}.Release|Any CPU.ActiveCfg = Release|Any CPU
		{B21BA571-8598-4003-97E9-01C2756A6F7E}.Release|Any CPU.Build.0 = Release|Any CPU
		{E1056567-7F43-475B-8373-46CE6EE5C8E4}.Debug|Any CPU.ActiveCfg = Debug|Any CPU
		{E1056567-7F43-475B-8373-46CE6EE5C8E4}.Debug|Any CPU.Build.0 = Debug|Any CPU
		{E1056567-7F43-475B-8373-46CE6EE5C8E4}.Debug|Any CPU.Deploy.0 = Debug|Any CPU
		{E1056567-7F43-475B-8373-46CE6EE5C8E4}.Release|Any CPU.ActiveCfg = Release|Any CPU
		{E1056567-7F43-475B-8373-46CE6EE5C8E4}.Release|Any CPU.Build.0 = Release|Any CPU
		{B8BD55BF-C6AE-4172-BD92-92C201739C41}.Debug|Any CPU.ActiveCfg = Debug|Any CPU
		{B8BD55BF-C6AE-4172-BD92-92C201739C41}.Debug|Any CPU.Build.0 = Debug|Any CPU
		{B8BD55BF-C6AE-4172-BD92-92C201739C41}.Debug|Any CPU.Deploy.0 = Debug|Any CPU
		{B8BD55BF-C6AE-4172-BD92-92C201739C41}.Release|Any CPU.ActiveCfg = Release|Any CPU
		{B8BD55BF-C6AE-4172-BD92-92C201739C41}.Release|Any CPU.Build.0 = Release|Any CPU
		{5D267EB2-521A-408F-8A3C-B2C47DB00A4A}.Debug|Any CPU.ActiveCfg = Debug|Any CPU
		{5D267EB2-521A-408F-8A3C-B2C47DB00A4A}.Debug|Any CPU.Build.0 = Debug|Any CPU
		{5D267EB2-521A-408F-8A3C-B2C47DB00A4A}.Release|Any CPU.ActiveCfg = Release|Any CPU
		{5D267EB2-521A-408F-8A3C-B2C47DB00A4A}.Release|Any CPU.Build.0 = Release|Any CPU
		{54147037-8807-4171-AC78-4E09D4A5C4BC}.Debug|Any CPU.ActiveCfg = Debug|Any CPU
		{54147037-8807-4171-AC78-4E09D4A5C4BC}.Debug|Any CPU.Build.0 = Debug|Any CPU
		{54147037-8807-4171-AC78-4E09D4A5C4BC}.Release|Any CPU.ActiveCfg = Release|Any CPU
		{54147037-8807-4171-AC78-4E09D4A5C4BC}.Release|Any CPU.Build.0 = Release|Any CPU
		{E9EE580F-5A89-4104-B7DB-88F9E3D70BDD}.Debug|Any CPU.ActiveCfg = Debug|Any CPU
		{E9EE580F-5A89-4104-B7DB-88F9E3D70BDD}.Debug|Any CPU.Build.0 = Debug|Any CPU
		{E9EE580F-5A89-4104-B7DB-88F9E3D70BDD}.Release|Any CPU.ActiveCfg = Release|Any CPU
		{E9EE580F-5A89-4104-B7DB-88F9E3D70BDD}.Release|Any CPU.Build.0 = Release|Any CPU
		{9695223C-9876-4C9F-8413-50FC4A64A614}.Debug|Any CPU.ActiveCfg = Debug|Any CPU
		{9695223C-9876-4C9F-8413-50FC4A64A614}.Debug|Any CPU.Build.0 = Debug|Any CPU
		{9695223C-9876-4C9F-8413-50FC4A64A614}.Release|Any CPU.ActiveCfg = Release|Any CPU
		{9695223C-9876-4C9F-8413-50FC4A64A614}.Release|Any CPU.Build.0 = Release|Any CPU
		{C340EA72-1D70-484A-9A05-32915E5BC0AA}.Debug|Any CPU.ActiveCfg = Debug|Any CPU
		{C340EA72-1D70-484A-9A05-32915E5BC0AA}.Debug|Any CPU.Build.0 = Debug|Any CPU
		{C340EA72-1D70-484A-9A05-32915E5BC0AA}.Release|Any CPU.ActiveCfg = Release|Any CPU
		{C340EA72-1D70-484A-9A05-32915E5BC0AA}.Release|Any CPU.Build.0 = Release|Any CPU
		{22F1AF82-7EAB-4DDD-BD6C-B47A3F7F539B}.Debug|Any CPU.ActiveCfg = Debug|Any CPU
		{22F1AF82-7EAB-4DDD-BD6C-B47A3F7F539B}.Debug|Any CPU.Build.0 = Debug|Any CPU
		{22F1AF82-7EAB-4DDD-BD6C-B47A3F7F539B}.Release|Any CPU.ActiveCfg = Release|Any CPU
		{22F1AF82-7EAB-4DDD-BD6C-B47A3F7F539B}.Release|Any CPU.Build.0 = Release|Any CPU
		{AA7C75DC-C69A-499C-AA63-8B0F4DB0419D}.Debug|Any CPU.ActiveCfg = Debug|Any CPU
		{AA7C75DC-C69A-499C-AA63-8B0F4DB0419D}.Debug|Any CPU.Build.0 = Debug|Any CPU
		{AA7C75DC-C69A-499C-AA63-8B0F4DB0419D}.Release|Any CPU.ActiveCfg = Release|Any CPU
		{AA7C75DC-C69A-499C-AA63-8B0F4DB0419D}.Release|Any CPU.Build.0 = Release|Any CPU
		{04337DF6-1B5E-4639-A07C-BD360F6509BA}.Debug|Any CPU.ActiveCfg = Debug|Any CPU
		{04337DF6-1B5E-4639-A07C-BD360F6509BA}.Debug|Any CPU.Build.0 = Debug|Any CPU
		{04337DF6-1B5E-4639-A07C-BD360F6509BA}.Release|Any CPU.ActiveCfg = Release|Any CPU
		{04337DF6-1B5E-4639-A07C-BD360F6509BA}.Release|Any CPU.Build.0 = Release|Any CPU
		{75DD54D7-B4E6-477F-992A-E2ACC1387436}.Debug|Any CPU.ActiveCfg = Debug|Any CPU
		{75DD54D7-B4E6-477F-992A-E2ACC1387436}.Debug|Any CPU.Build.0 = Debug|Any CPU
		{75DD54D7-B4E6-477F-992A-E2ACC1387436}.Release|Any CPU.ActiveCfg = Release|Any CPU
		{75DD54D7-B4E6-477F-992A-E2ACC1387436}.Release|Any CPU.Build.0 = Release|Any CPU
	EndGlobalSection
	GlobalSection(SolutionProperties) = preSolution
		HideSolutionNode = FALSE
	EndGlobalSection
	GlobalSection(ExtensibilityGlobals) = postSolution
		SolutionGuid = {1EA8A8C9-7C9A-419A-9F38-4C5EB4D21094}
	EndGlobalSection
EndGlobal
