
Microsoft Visual Studio Solution File, Format Version 12.00
# Visual Studio Version 17
VisualStudioVersion = 17.0.31912.275
MinimumVisualStudioVersion = 10.0.40219.1
Project("{9A19103F-16F7-4668-BE54-9A1E7A4F7556}") = "Reality.Services.Gateway", "Reality.Services.Gateway\Reality.Services.Gateway.csproj", "{7BDB2F34-4424-44A7-98E9-00A1E624CC43}"
EndProject
Project("{9A19103F-16F7-4668-BE54-9A1E7A4F7556}") = "Reality.Common", "Reality.Common\Reality.Common.csproj", "{0272ADBE-8C1F-4031-A5CD-78311865CB81}"
EndProject
Project("{9A19103F-16F7-4668-BE54-9A1E7A4F7556}") = "Reality.Services.Identity", "Reality.Services.Identity\Reality.Services.Identity.csproj", "{E1056567-7F43-475B-8373-46CE6EE5C8E4}"
EndProject
Project("{FAE04EC0-301F-11D3-BF4B-00C04F79EFBC}") = "Reality.Services.UPx", "Reality.Services.UPx\Reality.Services.UPx.csproj", "{5D267EB2-521A-408F-8A3C-B2C47DB00A4A}"
EndProject
Project("{FAE04EC0-301F-11D3-BF4B-00C04F79EFBC}") = "Reality.Services.Static", "Reality.Services.Static\Reality.Services.Static.csproj", "{54147037-8807-4171-AC78-4E09D4A5C4BC}"
EndProject
Project("{FAE04EC0-301F-11D3-BF4B-00C04F79EFBC}") = "Reality.Services.Portfolio", "Reality.Services.Portfolio\Reality.Services.Portfolio.csproj", "{E9EE580F-5A89-4104-B7DB-88F9E3D70BDD}"
EndProject
Global
	GlobalSection(SolutionConfigurationPlatforms) = preSolution
		Debug|Any CPU = Debug|Any CPU
		Release|Any CPU = Release|Any CPU
	EndGlobalSection
	GlobalSection(ProjectConfigurationPlatforms) = postSolution
		{7BDB2F34-4424-44A7-98E9-00A1E624CC43}.Debug|Any CPU.ActiveCfg = Debug|Any CPU
		{7BDB2F34-4424-44A7-98E9-00A1E624CC43}.Debug|Any CPU.Build.0 = Debug|Any CPU
		{7BDB2F34-4424-44A7-98E9-00A1E624CC43}.Debug|Any CPU.Deploy.0 = Debug|Any CPU
		{7BDB2F34-4424-44A7-98E9-00A1E624CC43}.Release|Any CPU.ActiveCfg = Release|Any CPU
		{7BDB2F34-4424-44A7-98E9-00A1E624CC43}.Release|Any CPU.Build.0 = Release|Any CPU
		{0272ADBE-8C1F-4031-A5CD-78311865CB81}.Debug|Any CPU.ActiveCfg = Debug|Any CPU
		{0272ADBE-8C1F-4031-A5CD-78311865CB81}.Debug|Any CPU.Build.0 = Debug|Any CPU
		{0272ADBE-8C1F-4031-A5CD-78311865CB81}.Release|Any CPU.ActiveCfg = Release|Any CPU
		{0272ADBE-8C1F-4031-A5CD-78311865CB81}.Release|Any CPU.Build.0 = Release|Any CPU
		{B21BA571-8598-4003-97E9-01C2756A6F7E}.Debug|Any CPU.ActiveCfg = Debug|Any CPU
		{B21BA571-8598-4003-97E9-01C2756A6F7E}.Debug|Any CPU.Build.0 = Debug|Any CPU
		{B21BA571-8598-4003-97E9-01C2756A6F7E}.Debug|Any CPU.Deploy.0 = Debug|Any CPU
		{B21BA571-8598-4003-97E9-01C2756A6F7E}.Release|Any CPU.ActiveCfg = Release|Any CPU
		{B21BA571-8598-4003-97E9-01C2756A6F7E}.Release|Any CPU.Build.0 = Release|Any CPU
		{E1056567-7F43-475B-8373-46CE6EE5C8E4}.Debug|Any CPU.ActiveCfg = Debug|Any CPU
		{E1056567-7F43-475B-8373-46CE6EE5C8E4}.Debug|Any CPU.Build.0 = Debug|Any CPU
		{E1056567-7F43-475B-8373-46CE6EE5C8E4}.Debug|Any CPU.Deploy.0 = Debug|Any CPU
		{E1056567-7F43-475B-8373-46CE6EE5C8E4}.Release|Any CPU.ActiveCfg = Release|Any CPU
		{E1056567-7F43-475B-8373-46CE6EE5C8E4}.Release|Any CPU.Build.0 = Release|Any CPU
		{B8BD55BF-C6AE-4172-BD92-92C201739C41}.Debug|Any CPU.ActiveCfg = Debug|Any CPU
		{B8BD55BF-C6AE-4172-BD92-92C201739C41}.Debug|Any CPU.Build.0 = Debug|Any CPU
		{B8BD55BF-C6AE-4172-BD92-92C201739C41}.Debug|Any CPU.Deploy.0 = Debug|Any CPU
		{B8BD55BF-C6AE-4172-BD92-92C201739C41}.Release|Any CPU.ActiveCfg = Release|Any CPU
		{B8BD55BF-C6AE-4172-BD92-92C201739C41}.Release|Any CPU.Build.0 = Release|Any CPU
		{5D267EB2-521A-408F-8A3C-B2C47DB00A4A}.Debug|Any CPU.ActiveCfg = Debug|Any CPU
		{5D267EB2-521A-408F-8A3C-B2C47DB00A4A}.Debug|Any CPU.Build.0 = Debug|Any CPU
		{5D267EB2-521A-408F-8A3C-B2C47DB00A4A}.Release|Any CPU.ActiveCfg = Release|Any CPU
		{5D267EB2-521A-408F-8A3C-B2C47DB00A4A}.Release|Any CPU.Build.0 = Release|Any CPU
		{54147037-8807-4171-AC78-4E09D4A5C4BC}.Debug|Any CPU.ActiveCfg = Debug|Any CPU
		{54147037-8807-4171-AC78-4E09D4A5C4BC}.Debug|Any CPU.Build.0 = Debug|Any CPU
		{54147037-8807-4171-AC78-4E09D4A5C4BC}.Release|Any CPU.ActiveCfg = Release|Any CPU
		{54147037-8807-4171-AC78-4E09D4A5C4BC}.Release|Any CPU.Build.0 = Release|Any CPU
		{E9EE580F-5A89-4104-B7DB-88F9E3D70BDD}.Debug|Any CPU.ActiveCfg = Debug|Any CPU
		{E9EE580F-5A89-4104-B7DB-88F9E3D70BDD}.Debug|Any CPU.Build.0 = Debug|Any CPU
		{E9EE580F-5A89-4104-B7DB-88F9E3D70BDD}.Release|Any CPU.ActiveCfg = Release|Any CPU
		{E9EE580F-5A89-4104-B7DB-88F9E3D70BDD}.Release|Any CPU.Build.0 = Release|Any CPU
	EndGlobalSection
	GlobalSection(SolutionProperties) = preSolution
		HideSolutionNode = FALSE
	EndGlobalSection
	GlobalSection(ExtensibilityGlobals) = postSolution
		SolutionGuid = {1EA8A8C9-7C9A-419A-9F38-4C5EB4D21094}
	EndGlobalSection
EndGlobal
